
Microsoft Visual Studio Solution File, Format Version 12.00
# Visual Studio Version 17
VisualStudioVersion = 17.3.32519.111
MinimumVisualStudioVersion = 10.0.40219.1
Project("{9A19103F-16F7-4668-BE54-9A1E7A4F7556}") = "WorkflowInCode.ConsoleTest", "WorkflowInCode.ConsoleTest\WorkflowInCode.ConsoleTest.csproj", "{96F9D7BB-450F-4FCF-83F5-8FBA1ABF5AD4}"
EndProject
Project("{9A19103F-16F7-4668-BE54-9A1E7A4F7556}") = "TestSomething", "TestSomething\TestSomething.csproj", "{EEB7FD2D-83B0-4E2E-BBCC-528B6C9AAA52}"
EndProject
Project("{2150E333-8FDC-42A3-9474-1A3956D46DE8}") = "Solution Items", "Solution Items", "{48E4BD08-08A5-435F-B55C-AAAD4CE6090C}"
	ProjectSection(SolutionItems) = preProject
		External Reading.md = External Reading.md
		Plan.md = Plan.md
		ReadMe.md = ReadMe.md
		Related Thing to Use.md = Related Thing to Use.md
		Tables.md = Tables.md
		Think First .md = Think First .md
		What is Task.md = What is Task.md
		سيناريوهات.md = سيناريوهات.md
	EndProjectSection
EndProject
Project("{9A19103F-16F7-4668-BE54-9A1E7A4F7556}") = "WorkflowInCode.Engine", "WorkflowInCode.Engine\WorkflowInCode.Engine.csproj", "{63A2C167-04D1-4FC0-8A08-73BC13DD05AF}"
EndProject
Project("{9A19103F-16F7-4668-BE54-9A1E7A4F7556}") = "CodeGenrator", "CodeGenrator\CodeGenrator.csproj", "{BE2C35F4-CB93-42D7-ACC7-6C84F3B362A9}"
EndProject
Project("{9A19103F-16F7-4668-BE54-9A1E7A4F7556}") = "WorkflowInCode.Abstraction", "WorkflowInCode.Abstraction\WorkflowInCode.Abstraction.csproj", "{E3DF17D9-EF68-4EBA-8D67-8E61FC5C6EF2}"
EndProject
Global
	GlobalSection(SolutionConfigurationPlatforms) = preSolution
		Debug|Any CPU = Debug|Any CPU
		Debug|x64 = Debug|x64
		Release|Any CPU = Release|Any CPU
		Release|x64 = Release|x64
	EndGlobalSection
	GlobalSection(ProjectConfigurationPlatforms) = postSolution
		{96F9D7BB-450F-4FCF-83F5-8FBA1ABF5AD4}.Debug|Any CPU.ActiveCfg = Debug|Any CPU
		{96F9D7BB-450F-4FCF-83F5-8FBA1ABF5AD4}.Debug|Any CPU.Build.0 = Debug|Any CPU
		{96F9D7BB-450F-4FCF-83F5-8FBA1ABF5AD4}.Debug|x64.ActiveCfg = Debug|Any CPU
		{96F9D7BB-450F-4FCF-83F5-8FBA1ABF5AD4}.Debug|x64.Build.0 = Debug|Any CPU
		{96F9D7BB-450F-4FCF-83F5-8FBA1ABF5AD4}.Release|Any CPU.ActiveCfg = Release|Any CPU
		{96F9D7BB-450F-4FCF-83F5-8FBA1ABF5AD4}.Release|Any CPU.Build.0 = Release|Any CPU
		{96F9D7BB-450F-4FCF-83F5-8FBA1ABF5AD4}.Release|x64.ActiveCfg = Release|Any CPU
		{96F9D7BB-450F-4FCF-83F5-8FBA1ABF5AD4}.Release|x64.Build.0 = Release|Any CPU
		{EEB7FD2D-83B0-4E2E-BBCC-528B6C9AAA52}.Debug|Any CPU.ActiveCfg = Debug|Any CPU
		{EEB7FD2D-83B0-4E2E-BBCC-528B6C9AAA52}.Debug|Any CPU.Build.0 = Debug|Any CPU
		{EEB7FD2D-83B0-4E2E-BBCC-528B6C9AAA52}.Debug|x64.ActiveCfg = Debug|Any CPU
		{EEB7FD2D-83B0-4E2E-BBCC-528B6C9AAA52}.Debug|x64.Build.0 = Debug|Any CPU
		{EEB7FD2D-83B0-4E2E-BBCC-528B6C9AAA52}.Release|Any CPU.ActiveCfg = Release|Any CPU
		{EEB7FD2D-83B0-4E2E-BBCC-528B6C9AAA52}.Release|Any CPU.Build.0 = Release|Any CPU
		{EEB7FD2D-83B0-4E2E-BBCC-528B6C9AAA52}.Release|x64.ActiveCfg = Release|x64
		{EEB7FD2D-83B0-4E2E-BBCC-528B6C9AAA52}.Release|x64.Build.0 = Release|x64
		{63A2C167-04D1-4FC0-8A08-73BC13DD05AF}.Debug|Any CPU.ActiveCfg = Debug|Any CPU
		{63A2C167-04D1-4FC0-8A08-73BC13DD05AF}.Debug|Any CPU.Build.0 = Debug|Any CPU
		{63A2C167-04D1-4FC0-8A08-73BC13DD05AF}.Debug|x64.ActiveCfg = Debug|Any CPU
		{63A2C167-04D1-4FC0-8A08-73BC13DD05AF}.Debug|x64.Build.0 = Debug|Any CPU
		{63A2C167-04D1-4FC0-8A08-73BC13DD05AF}.Release|Any CPU.ActiveCfg = Release|Any CPU
		{63A2C167-04D1-4FC0-8A08-73BC13DD05AF}.Release|Any CPU.Build.0 = Release|Any CPU
		{63A2C167-04D1-4FC0-8A08-73BC13DD05AF}.Release|x64.ActiveCfg = Release|Any CPU
		{63A2C167-04D1-4FC0-8A08-73BC13DD05AF}.Release|x64.Build.0 = Release|Any CPU
		{BE2C35F4-CB93-42D7-ACC7-6C84F3B362A9}.Debug|Any CPU.ActiveCfg = Debug|Any CPU
		{BE2C35F4-CB93-42D7-ACC7-6C84F3B362A9}.Debug|Any CPU.Build.0 = Debug|Any CPU
		{BE2C35F4-CB93-42D7-ACC7-6C84F3B362A9}.Debug|x64.ActiveCfg = Debug|Any CPU
		{BE2C35F4-CB93-42D7-ACC7-6C84F3B362A9}.Debug|x64.Build.0 = Debug|Any CPU
		{BE2C35F4-CB93-42D7-ACC7-6C84F3B362A9}.Release|Any CPU.ActiveCfg = Release|Any CPU
		{BE2C35F4-CB93-42D7-ACC7-6C84F3B362A9}.Release|Any CPU.Build.0 = Release|Any CPU
		{BE2C35F4-CB93-42D7-ACC7-6C84F3B362A9}.Release|x64.ActiveCfg = Release|Any CPU
		{BE2C35F4-CB93-42D7-ACC7-6C84F3B362A9}.Release|x64.Build.0 = Release|Any CPU
		{E3DF17D9-EF68-4EBA-8D67-8E61FC5C6EF2}.Debug|Any CPU.ActiveCfg = Debug|Any CPU
		{E3DF17D9-EF68-4EBA-8D67-8E61FC5C6EF2}.Debug|Any CPU.Build.0 = Debug|Any CPU
		{E3DF17D9-EF68-4EBA-8D67-8E61FC5C6EF2}.Debug|x64.ActiveCfg = Debug|Any CPU
		{E3DF17D9-EF68-4EBA-8D67-8E61FC5C6EF2}.Debug|x64.Build.0 = Debug|Any CPU
		{E3DF17D9-EF68-4EBA-8D67-8E61FC5C6EF2}.Release|Any CPU.ActiveCfg = Release|Any CPU
		{E3DF17D9-EF68-4EBA-8D67-8E61FC5C6EF2}.Release|Any CPU.Build.0 = Release|Any CPU
		{E3DF17D9-EF68-4EBA-8D67-8E61FC5C6EF2}.Release|x64.ActiveCfg = Release|Any CPU
		{E3DF17D9-EF68-4EBA-8D67-8E61FC5C6EF2}.Release|x64.Build.0 = Release|Any CPU
	EndGlobalSection
	GlobalSection(SolutionProperties) = preSolution
		HideSolutionNode = FALSE
	EndGlobalSection
	GlobalSection(ExtensibilityGlobals) = postSolution
		SolutionGuid = {C71CEEE2-E05D-43BA-8490-065D8D4B2F87}
	EndGlobalSection
EndGlobal
